
Microsoft Visual Studio Solution File, Format Version 12.00
# Visual Studio Version 16
VisualStudioVersion = 16.0.29326.143
MinimumVisualStudioVersion = 10.0.40219.1
Project("{2150E333-8FDC-42A3-9474-1A3956D46DE8}") = "Domain", "Domain", "{C48F5E19-4550-4E6F-B7EA-62AD11F9BB46}"
EndProject
Project("{2150E333-8FDC-42A3-9474-1A3956D46DE8}") = "Infra.Bus", "Infra.Bus", "{6C1BE531-5C14-4060-B891-D592C693847E}"
EndProject
Project("{2150E333-8FDC-42A3-9474-1A3956D46DE8}") = "Infra.IoC", "Infra.IoC", "{F5850222-F741-4718-B55E-A125A4AC67CC}"
EndProject
Project("{2150E333-8FDC-42A3-9474-1A3956D46DE8}") = "Microservices", "Microservices", "{E41EBB70-B350-4AE1-B467-6103F8D45DDA}"
EndProject
Project("{2150E333-8FDC-42A3-9474-1A3956D46DE8}") = "Presentation", "Presentation", "{C2A4A502-51F5-453B-9381-3F1C73AF368C}"
EndProject
Project("{FAE04EC0-301F-11D3-BF4B-00C04F79EFBC}") = "Olimpia.Mongo.Domain.core", "Olimpia.Mongo.Domain.core\Olimpia.Mongo.Domain.core.csproj", "{2A9B71F4-328E-4F26-9CF9-2E0C12A450BA}"
EndProject
Project("{FAE04EC0-301F-11D3-BF4B-00C04F79EFBC}") = "Olimpia.Mongo.Rabbit.Infra.Bus", "Olimpia.Mongo.Rabbit.Infra.Bus\Olimpia.Mongo.Rabbit.Infra.Bus.csproj", "{271FB635-1924-428D-AF4D-E39873143DEC}"
EndProject
Project("{FAE04EC0-301F-11D3-BF4B-00C04F79EFBC}") = "Olimpia.Mongo.Rabbit.Infra.IoC", "Olimpia.Mongo.Rabbit.Infra.IoC\Olimpia.Mongo.Rabbit.Infra.IoC.csproj", "{A333AAF5-20A7-4DDA-801E-9ED95402FBDA}"
EndProject
Project("{2150E333-8FDC-42A3-9474-1A3956D46DE8}") = "Banking", "Banking", "{B89CDA24-B370-4DD5-A270-B1CC3857B1AF}"
EndProject
Project("{2150E333-8FDC-42A3-9474-1A3956D46DE8}") = "Transfer", "Transfer", "{514BBC90-825C-4ECA-AFBB-83B79023FC69}"
EndProject
Project("{2150E333-8FDC-42A3-9474-1A3956D46DE8}") = "Api", "Api", "{405C53A6-FFEB-4463-B86A-B6D85BC1766A}"
EndProject
Project("{2150E333-8FDC-42A3-9474-1A3956D46DE8}") = "Aplication", "Aplication", "{95CC7BE0-BAB5-4245-92A9-A4244DDE2499}"
EndProject
Project("{2150E333-8FDC-42A3-9474-1A3956D46DE8}") = "Data", "Data", "{509D4846-C1C4-49D1-9917-4FB72848D750}"
EndProject
Project("{2150E333-8FDC-42A3-9474-1A3956D46DE8}") = "Domain", "Domain", "{FCB00D49-2BD1-472D-AC09-13F61D5F88ED}"
EndProject
Project("{2150E333-8FDC-42A3-9474-1A3956D46DE8}") = "Api", "Api", "{917B741E-1F91-4906-B014-D0370D4D5B22}"
EndProject
Project("{2150E333-8FDC-42A3-9474-1A3956D46DE8}") = "Aplication", "Aplication", "{267D6B47-CB00-41F7-A2BC-CC55C4EE821D}"
EndProject
Project("{2150E333-8FDC-42A3-9474-1A3956D46DE8}") = "Data", "Data", "{D5FAB9ED-8F02-4A2F-9AA9-F5BC56E21320}"
EndProject
Project("{2150E333-8FDC-42A3-9474-1A3956D46DE8}") = "Domain", "Domain", "{113F8FAD-D179-4412-95AC-AFA0EED37189}"
EndProject
Project("{FAE04EC0-301F-11D3-BF4B-00C04F79EFBC}") = "Olimpia.Mongo.Bankin.Api", "Olimpia.Mongo.Bankin.Api\Olimpia.Mongo.Bankin.Api.csproj", "{6D7ABDB9-0EC5-4601-8932-D48E1F12B689}"
EndProject
Project("{FAE04EC0-301F-11D3-BF4B-00C04F79EFBC}") = "Olimpia.Mongo.Bankin.Aplication", "Olimpia.Mongo.Bankin.Aplication\Olimpia.Mongo.Bankin.Aplication.csproj", "{CC43BED6-5BA0-4FCB-841C-4DF57FA6C3AD}"
EndProject
Project("{FAE04EC0-301F-11D3-BF4B-00C04F79EFBC}") = "Olimpia.Mongo.Bankin.Data", "Olimpia.Mongo.Bankin.Data\Olimpia.Mongo.Bankin.Data.csproj", "{F9522CB8-6984-4618-A618-14606A89C76C}"
EndProject
Project("{FAE04EC0-301F-11D3-BF4B-00C04F79EFBC}") = "Olimpia.Mongo.Bankin.Domain", "Olimpia.Mongo.Bankin.Domain\Olimpia.Mongo.Bankin.Domain.csproj", "{89C96BD0-59F7-4F4C-8920-05D1CA52C56B}"
EndProject
Project("{FAE04EC0-301F-11D3-BF4B-00C04F79EFBC}") = "Olimpia.Mongo.Transfe.Domain", "Olimpia.Mongo.Transfe.Domain\Olimpia.Mongo.Transfe.Domain.csproj", "{3625AEC1-4982-48F2-A56E-5B4204CE4380}"
EndProject
Project("{FAE04EC0-301F-11D3-BF4B-00C04F79EFBC}") = "Olimpis.Momgo.Transfer.Data", "Olimpis.Momgo.Transfer.Data\Olimpis.Momgo.Transfer.Data.csproj", "{5E70ECB3-233F-42E3-B75C-387B10E714F7}"
EndProject
Project("{FAE04EC0-301F-11D3-BF4B-00C04F79EFBC}") = "Olimpia.Mongo.Transfer.Aplication", "Olimpia.Mongo.Transfer.Aplication\Olimpia.Mongo.Transfer.Aplication.csproj", "{24C708EB-0352-4B81-BF96-2160E873ACDF}"
EndProject
Project("{FAE04EC0-301F-11D3-BF4B-00C04F79EFBC}") = "Olimpia.Mongo.Transfer.Api", "Olimpia.Mongo.Transfer.Api\Olimpia.Mongo.Transfer.Api.csproj", "{6943EA1A-6A00-4F74-9B0E-3B9455B1B741}"
EndProject
Global
	GlobalSection(SolutionConfigurationPlatforms) = preSolution
		Debug|Any CPU = Debug|Any CPU
		Release|Any CPU = Release|Any CPU
	EndGlobalSection
	GlobalSection(ProjectConfigurationPlatforms) = postSolution
		{2A9B71F4-328E-4F26-9CF9-2E0C12A450BA}.Debug|Any CPU.ActiveCfg = Debug|Any CPU
		{2A9B71F4-328E-4F26-9CF9-2E0C12A450BA}.Debug|Any CPU.Build.0 = Debug|Any CPU
		{2A9B71F4-328E-4F26-9CF9-2E0C12A450BA}.Release|Any CPU.ActiveCfg = Release|Any CPU
		{2A9B71F4-328E-4F26-9CF9-2E0C12A450BA}.Release|Any CPU.Build.0 = Release|Any CPU
		{271FB635-1924-428D-AF4D-E39873143DEC}.Debug|Any CPU.ActiveCfg = Debug|Any CPU
		{271FB635-1924-428D-AF4D-E39873143DEC}.Debug|Any CPU.Build.0 = Debug|Any CPU
		{271FB635-1924-428D-AF4D-E39873143DEC}.Release|Any CPU.ActiveCfg = Release|Any CPU
		{271FB635-1924-428D-AF4D-E39873143DEC}.Release|Any CPU.Build.0 = Release|Any CPU
		{A333AAF5-20A7-4DDA-801E-9ED95402FBDA}.Debug|Any CPU.ActiveCfg = Debug|Any CPU
		{A333AAF5-20A7-4DDA-801E-9ED95402FBDA}.Debug|Any CPU.Build.0 = Debug|Any CPU
		{A333AAF5-20A7-4DDA-801E-9ED95402FBDA}.Release|Any CPU.ActiveCfg = Release|Any CPU
		{A333AAF5-20A7-4DDA-801E-9ED95402FBDA}.Release|Any CPU.Build.0 = Release|Any CPU
		{6D7ABDB9-0EC5-4601-8932-D48E1F12B689}.Debug|Any CPU.ActiveCfg = Debug|Any CPU
		{6D7ABDB9-0EC5-4601-8932-D48E1F12B689}.Debug|Any CPU.Build.0 = Debug|Any CPU
		{6D7ABDB9-0EC5-4601-8932-D48E1F12B689}.Release|Any CPU.ActiveCfg = Release|Any CPU
		{6D7ABDB9-0EC5-4601-8932-D48E1F12B689}.Release|Any CPU.Build.0 = Release|Any CPU
		{CC43BED6-5BA0-4FCB-841C-4DF57FA6C3AD}.Debug|Any CPU.ActiveCfg = Debug|Any CPU
		{CC43BED6-5BA0-4FCB-841C-4DF57FA6C3AD}.Debug|Any CPU.Build.0 = Debug|Any CPU
		{CC43BED6-5BA0-4FCB-841C-4DF57FA6C3AD}.Release|Any CPU.ActiveCfg = Release|Any CPU
		{CC43BED6-5BA0-4FCB-841C-4DF57FA6C3AD}.Release|Any CPU.Build.0 = Release|Any CPU
		{F9522CB8-6984-4618-A618-14606A89C76C}.Debug|Any CPU.ActiveCfg = Debug|Any CPU
		{F9522CB8-6984-4618-A618-14606A89C76C}.Debug|Any CPU.Build.0 = Debug|Any CPU
		{F9522CB8-6984-4618-A618-14606A89C76C}.Release|Any CPU.ActiveCfg = Release|Any CPU
		{F9522CB8-6984-4618-A618-14606A89C76C}.Release|Any CPU.Build.0 = Release|Any CPU
		{89C96BD0-59F7-4F4C-8920-05D1CA52C56B}.Debug|Any CPU.ActiveCfg = Debug|Any CPU
		{89C96BD0-59F7-4F4C-8920-05D1CA52C56B}.Debug|Any CPU.Build.0 = Debug|Any CPU
		{89C96BD0-59F7-4F4C-8920-05D1CA52C56B}.Release|Any CPU.ActiveCfg = Release|Any CPU
		{89C96BD0-59F7-4F4C-8920-05D1CA52C56B}.Release|Any CPU.Build.0 = Release|Any CPU
		{3625AEC1-4982-48F2-A56E-5B4204CE4380}.Debug|Any CPU.ActiveCfg = Debug|Any CPU
		{3625AEC1-4982-48F2-A56E-5B4204CE4380}.Debug|Any CPU.Build.0 = Debug|Any CPU
		{3625AEC1-4982-48F2-A56E-5B4204CE4380}.Release|Any CPU.ActiveCfg = Release|Any CPU
		{3625AEC1-4982-48F2-A56E-5B4204CE4380}.Release|Any CPU.Build.0 = Release|Any CPU
		{5E70ECB3-233F-42E3-B75C-387B10E714F7}.Debug|Any CPU.ActiveCfg = Debug|Any CPU
		{5E70ECB3-233F-42E3-B75C-387B10E714F7}.Debug|Any CPU.Build.0 = Debug|Any CPU
		{5E70ECB3-233F-42E3-B75C-387B10E714F7}.Release|Any CPU.ActiveCfg = Release|Any CPU
		{5E70ECB3-233F-42E3-B75C-387B10E714F7}.Release|Any CPU.Build.0 = Release|Any CPU
		{24C708EB-0352-4B81-BF96-2160E873ACDF}.Debug|Any CPU.ActiveCfg = Debug|Any CPU
		{24C708EB-0352-4B81-BF96-2160E873ACDF}.Debug|Any CPU.Build.0 = Debug|Any CPU
		{24C708EB-0352-4B81-BF96-2160E873ACDF}.Release|Any CPU.ActiveCfg = Release|Any CPU
		{24C708EB-0352-4B81-BF96-2160E873ACDF}.Release|Any CPU.Build.0 = Release|Any CPU
		{6943EA1A-6A00-4F74-9B0E-3B9455B1B741}.Debug|Any CPU.ActiveCfg = Debug|Any CPU
		{6943EA1A-6A00-4F74-9B0E-3B9455B1B741}.Debug|Any CPU.Build.0 = Debug|Any CPU
		{6943EA1A-6A00-4F74-9B0E-3B9455B1B741}.Release|Any CPU.ActiveCfg = Release|Any CPU
		{6943EA1A-6A00-4F74-9B0E-3B9455B1B741}.Release|Any CPU.Build.0 = Release|Any CPU
	EndGlobalSection
	GlobalSection(SolutionProperties) = preSolution
		HideSolutionNode = FALSE
	EndGlobalSection
	GlobalSection(NestedProjects) = preSolution
		{2A9B71F4-328E-4F26-9CF9-2E0C12A450BA} = {C48F5E19-4550-4E6F-B7EA-62AD11F9BB46}
		{271FB635-1924-428D-AF4D-E39873143DEC} = {6C1BE531-5C14-4060-B891-D592C693847E}
		{A333AAF5-20A7-4DDA-801E-9ED95402FBDA} = {F5850222-F741-4718-B55E-A125A4AC67CC}
		{B89CDA24-B370-4DD5-A270-B1CC3857B1AF} = {E41EBB70-B350-4AE1-B467-6103F8D45DDA}
		{514BBC90-825C-4ECA-AFBB-83B79023FC69} = {E41EBB70-B350-4AE1-B467-6103F8D45DDA}
		{405C53A6-FFEB-4463-B86A-B6D85BC1766A} = {B89CDA24-B370-4DD5-A270-B1CC3857B1AF}
		{95CC7BE0-BAB5-4245-92A9-A4244DDE2499} = {B89CDA24-B370-4DD5-A270-B1CC3857B1AF}
		{509D4846-C1C4-49D1-9917-4FB72848D750} = {B89CDA24-B370-4DD5-A270-B1CC3857B1AF}
		{FCB00D49-2BD1-472D-AC09-13F61D5F88ED} = {B89CDA24-B370-4DD5-A270-B1CC3857B1AF}
		{917B741E-1F91-4906-B014-D0370D4D5B22} = {514BBC90-825C-4ECA-AFBB-83B79023FC69}
		{267D6B47-CB00-41F7-A2BC-CC55C4EE821D} = {514BBC90-825C-4ECA-AFBB-83B79023FC69}
		{D5FAB9ED-8F02-4A2F-9AA9-F5BC56E21320} = {514BBC90-825C-4ECA-AFBB-83B79023FC69}
		{113F8FAD-D179-4412-95AC-AFA0EED37189} = {514BBC90-825C-4ECA-AFBB-83B79023FC69}
		{6D7ABDB9-0EC5-4601-8932-D48E1F12B689} = {405C53A6-FFEB-4463-B86A-B6D85BC1766A}
		{CC43BED6-5BA0-4FCB-841C-4DF57FA6C3AD} = {95CC7BE0-BAB5-4245-92A9-A4244DDE2499}
		{F9522CB8-6984-4618-A618-14606A89C76C} = {509D4846-C1C4-49D1-9917-4FB72848D750}
		{89C96BD0-59F7-4F4C-8920-05D1CA52C56B} = {FCB00D49-2BD1-472D-AC09-13F61D5F88ED}
		{3625AEC1-4982-48F2-A56E-5B4204CE4380} = {113F8FAD-D179-4412-95AC-AFA0EED37189}
		{5E70ECB3-233F-42E3-B75C-387B10E714F7} = {D5FAB9ED-8F02-4A2F-9AA9-F5BC56E21320}
		{24C708EB-0352-4B81-BF96-2160E873ACDF} = {267D6B47-CB00-41F7-A2BC-CC55C4EE821D}
		{6943EA1A-6A00-4F74-9B0E-3B9455B1B741} = {917B741E-1F91-4906-B014-D0370D4D5B22}
	EndGlobalSection
	GlobalSection(ExtensibilityGlobals) = postSolution
		SolutionGuid = {D016BC41-583C-4B3E-BDD9-883C864D4378}
	EndGlobalSection
EndGlobal
